{
  "originHash" : "661eb1a5f5b528942adbc641706238a99ef1dd649d4baefc4481a3e16483478b",
  "pins" : [
    {
      "identity" : "paypal-ios",
      "kind" : "remoteSourceControl",
      "location" : "https://github.com/paypal/paypal-ios/",
      "state" : {
        "revision" : "d67d580d0a5414d9ff02dab6223e6fe28bfa0e66",
        "version" : "1.3.2"
      }
    }
  ],
  "version" : 3
}
