{
  "originHash" : "661eb1a5f5b528942adbc641706238a99ef1dd649d4baefc4481a3e16483478b",
  "pins" : [
    {
      "identity" : "paypal-ios",
      "kind" : "remoteSourceControl",
      "location" : "https://github.com/paypal/paypal-ios/",
      "state" : {
        "revision" : "13865f9ddd1403a1c156df3bd3d27508ecb1931d",
        "version" : "1.5.0"
      }
    }
  ],
  "version" : 3
}
